// !$*UTF8*$!
{
	archiveVersion = 1;
	classes = {
	};
	objectVersion = 56;
	objects = {

/* Begin PBXBuildFile section */
		CE0E12652AAF3A9C00FFBDD2 /* MathUtility.swift in Sources */ = {isa = PBXBuildFile; fileRef = CE0E12642AAF3A9C00FFBDD2 /* MathUtility.swift */; };
		CE0E12672AAF4CC300FFBDD2 /* Mesh.swift in Sources */ = {isa = PBXBuildFile; fileRef = CE0E12662AAF4CC300FFBDD2 /* Mesh.swift */; };
		CE0E12692AAF535400FFBDD2 /* Transform.swift in Sources */ = {isa = PBXBuildFile; fileRef = CE0E12682AAF535400FFBDD2 /* Transform.swift */; };
		CE0E126B2AAF56D000FFBDD2 /* Camera.swift in Sources */ = {isa = PBXBuildFile; fileRef = CE0E126A2AAF56D000FFBDD2 /* Camera.swift */; };
		CE0E126D2AAF585C00FFBDD2 /* Movement.swift in Sources */ = {isa = PBXBuildFile; fileRef = CE0E126C2AAF585C00FFBDD2 /* Movement.swift */; };
		CE0E126F2AAF5B7000FFBDD2 /* FPCamera.swift in Sources */ = {isa = PBXBuildFile; fileRef = CE0E126E2AAF5B7000FFBDD2 /* FPCamera.swift */; };
		CE0E12712AAF5B8D00FFBDD2 /* ArcballCamera.swift in Sources */ = {isa = PBXBuildFile; fileRef = CE0E12702AAF5B8D00FFBDD2 /* ArcballCamera.swift */; };
		CE0E12732AAF65AB00FFBDD2 /* OrthographicCamera.swift in Sources */ = {isa = PBXBuildFile; fileRef = CE0E12722AAF65AB00FFBDD2 /* OrthographicCamera.swift */; };
		CE1CCA2A2AADF0EC0020BCD4 /* MetalGameEngineApp.swift in Sources */ = {isa = PBXBuildFile; fileRef = CE1CCA292AADF0EC0020BCD4 /* MetalGameEngineApp.swift */; };
		CE1CCA2C2AADF0EC0020BCD4 /* ContentView.swift in Sources */ = {isa = PBXBuildFile; fileRef = CE1CCA2B2AADF0EC0020BCD4 /* ContentView.swift */; };
		CE1CCA2E2AADF0EE0020BCD4 /* Assets.xcassets in Resources */ = {isa = PBXBuildFile; fileRef = CE1CCA2D2AADF0EE0020BCD4 /* Assets.xcassets */; };
		CE1CCA322AADF0EE0020BCD4 /* Preview Assets.xcassets in Resources */ = {isa = PBXBuildFile; fileRef = CE1CCA312AADF0EE0020BCD4 /* Preview Assets.xcassets */; };
		CE1CCA3A2AADF3600020BCD4 /* MetalView.swift in Sources */ = {isa = PBXBuildFile; fileRef = CE1CCA392AADF3600020BCD4 /* MetalView.swift */; };
		CE1CCA3C2AADF4640020BCD4 /* Options.swift in Sources */ = {isa = PBXBuildFile; fileRef = CE1CCA3B2AADF4640020BCD4 /* Options.swift */; };
		CE1CCA3F2AADF6430020BCD4 /* GameController.swift in Sources */ = {isa = PBXBuildFile; fileRef = CE1CCA3E2AADF6430020BCD4 /* GameController.swift */; };
		CE1CCA422AAE018E0020BCD4 /* InputController.swift in Sources */ = {isa = PBXBuildFile; fileRef = CE1CCA412AAE018E0020BCD4 /* InputController.swift */; };
		CE1CCA442AAE0AC40020BCD4 /* Settings.swift in Sources */ = {isa = PBXBuildFile; fileRef = CE1CCA432AAE0AC40020BCD4 /* Settings.swift */; };
		CE1CCA4A2AAE12AF0020BCD4 /* RenderPass.swift in Sources */ = {isa = PBXBuildFile; fileRef = CE1CCA492AAE12AF0020BCD4 /* RenderPass.swift */; };
		CE1CCA4C2AAE134E0020BCD4 /* GameScene.swift in Sources */ = {isa = PBXBuildFile; fileRef = CE1CCA4B2AAE134E0020BCD4 /* GameScene.swift */; };
		CE1CCA512AAE18C60020BCD4 /* Renderer.swift in Sources */ = {isa = PBXBuildFile; fileRef = CE1CCA502AAE18C60020BCD4 /* Renderer.swift */; };
		CE1CCA552AAE22540020BCD4 /* TextureController.swift in Sources */ = {isa = PBXBuildFile; fileRef = CE1CCA542AAE22540020BCD4 /* TextureController.swift */; };
		CE3F07072AB158BB00318C26 /* ShadowCamera.swift in Sources */ = {isa = PBXBuildFile; fileRef = CE3F07062AB158BB00318C26 /* ShadowCamera.swift */; };
		CE3F07092AB1F2CB00318C26 /* ForwardRenderPass.swift in Sources */ = {isa = PBXBuildFile; fileRef = CE3F07082AB1F2CB00318C26 /* ForwardRenderPass.swift */; };
		CE3F070B2AB1F57100318C26 /* SceneLighting.swift in Sources */ = {isa = PBXBuildFile; fileRef = CE3F070A2AB1F57100318C26 /* SceneLighting.swift */; };
		CE3F070D2AB1F7B700318C26 /* Skybox.swift in Sources */ = {isa = PBXBuildFile; fileRef = CE3F070C2AB1F7B700318C26 /* Skybox.swift */; };
		CE3F07102AB1FC5300318C26 /* BRDF.metal in Sources */ = {isa = PBXBuildFile; fileRef = CE3F070F2AB1FC5300318C26 /* BRDF.metal */; };
		CE3F07122AB1FC9400318C26 /* RendererBRDF.swift in Sources */ = {isa = PBXBuildFile; fileRef = CE3F07112AB1FC9400318C26 /* RendererBRDF.swift */; };
		CE3F07142AB2085C00318C26 /* Textures.xcassets in Resources */ = {isa = PBXBuildFile; fileRef = CE3F07132AB2085C00318C26 /* Textures.xcassets */; };
		CE3F07162AB2089000318C26 /* irradiance.png in Resources */ = {isa = PBXBuildFile; fileRef = CE3F07152AB2088800318C26 /* irradiance.png */; };
		CE3F07182AB2097100318C26 /* Skybox.metal in Sources */ = {isa = PBXBuildFile; fileRef = CE3F07172AB2097100318C26 /* Skybox.metal */; };
		CE3F071A2AB20BA400318C26 /* IBL.metal in Sources */ = {isa = PBXBuildFile; fileRef = CE3F07192AB20BA400318C26 /* IBL.metal */; };
		CE3F071D2AB20D5E00318C26 /* Lighting.metal in Sources */ = {isa = PBXBuildFile; fileRef = CE3F071C2AB20D5E00318C26 /* Lighting.metal */; };
		CE3F07202AB2133800318C26 /* Shaders.metal in Sources */ = {isa = PBXBuildFile; fileRef = CE3F071F2AB2133800318C26 /* Shaders.metal */; };
		CE720DB82AB3434F00904EBD /* Water.swift in Sources */ = {isa = PBXBuildFile; fileRef = CE720DB72AB3434F00904EBD /* Water.swift */; };
		CE720DBA2AB349E600904EBD /* Water.metal in Sources */ = {isa = PBXBuildFile; fileRef = CE720DB92AB349E600904EBD /* Water.metal */; };
		CE959A552AB0A43000BB40B8 /* Pipelines.swift in Sources */ = {isa = PBXBuildFile; fileRef = CE959A542AB0A43000BB40B8 /* Pipelines.swift */; };
		CE959A572AB0AFE300BB40B8 /* PlayerCamera.swift in Sources */ = {isa = PBXBuildFile; fileRef = CE959A562AB0AFE300BB40B8 /* PlayerCamera.swift */; };
		CE959A592AB0B1EA00BB40B8 /* Model.swift in Sources */ = {isa = PBXBuildFile; fileRef = CE959A582AB0B1EA00BB40B8 /* Model.swift */; };
		CEC235E62AAE908C0016923C /* Submesh.swift in Sources */ = {isa = PBXBuildFile; fileRef = CEC235E52AAE908C0016923C /* Submesh.swift */; };
		CEC235E82AAEA3230016923C /* VertexDescriptor.swift in Sources */ = {isa = PBXBuildFile; fileRef = CEC235E72AAEA3230016923C /* VertexDescriptor.swift */; };
		CECC47312AB2A4DC003942A0 /* terrain.obj in Resources */ = {isa = PBXBuildFile; fileRef = CECC472A2AB2A4D3003942A0 /* terrain.obj */; };
		CECC47322AB2A4DF003942A0 /* terrain.mtl in Resources */ = {isa = PBXBuildFile; fileRef = CECC472B2AB2A4D3003942A0 /* terrain.mtl */; };
		CECC47332AB2A4F0003942A0 /* house.obj in Resources */ = {isa = PBXBuildFile; fileRef = CECC472E2AB2A4D3003942A0 /* house.obj */; };
		CECC47342AB2A4F4003942A0 /* house.mtl in Resources */ = {isa = PBXBuildFile; fileRef = CECC472F2AB2A4D3003942A0 /* house.mtl */; };
		CECC47362AB2B10B003942A0 /* Terrain.swift in Sources */ = {isa = PBXBuildFile; fileRef = CECC47352AB2B10B003942A0 /* Terrain.swift */; };
		CECC47382AB2B19B003942A0 /* Terrain.metal in Sources */ = {isa = PBXBuildFile; fileRef = CECC47372AB2B19B003942A0 /* Terrain.metal */; };
/* End PBXBuildFile section */

/* Begin PBXFileReference section */
		CE0E12642AAF3A9C00FFBDD2 /* MathUtility.swift */ = {isa = PBXFileReference; lastKnownFileType = sourcecode.swift; path = MathUtility.swift; sourceTree = "<group>"; };
		CE0E12662AAF4CC300FFBDD2 /* Mesh.swift */ = {isa = PBXFileReference; lastKnownFileType = sourcecode.swift; path = Mesh.swift; sourceTree = "<group>"; };
		CE0E12682AAF535400FFBDD2 /* Transform.swift */ = {isa = PBXFileReference; lastKnownFileType = sourcecode.swift; path = Transform.swift; sourceTree = "<group>"; };
		CE0E126A2AAF56D000FFBDD2 /* Camera.swift */ = {isa = PBXFileReference; lastKnownFileType = sourcecode.swift; path = Camera.swift; sourceTree = "<group>"; };
		CE0E126C2AAF585C00FFBDD2 /* Movement.swift */ = {isa = PBXFileReference; lastKnownFileType = sourcecode.swift; path = Movement.swift; sourceTree = "<group>"; };
		CE0E126E2AAF5B7000FFBDD2 /* FPCamera.swift */ = {isa = PBXFileReference; lastKnownFileType = sourcecode.swift; path = FPCamera.swift; sourceTree = "<group>"; };
		CE0E12702AAF5B8D00FFBDD2 /* ArcballCamera.swift */ = {isa = PBXFileReference; lastKnownFileType = sourcecode.swift; path = ArcballCamera.swift; sourceTree = "<group>"; };
		CE0E12722AAF65AB00FFBDD2 /* OrthographicCamera.swift */ = {isa = PBXFileReference; lastKnownFileType = sourcecode.swift; path = OrthographicCamera.swift; sourceTree = "<group>"; };
		CE1CCA262AADF0EC0020BCD4 /* MetalGameEngine.app */ = {isa = PBXFileReference; explicitFileType = wrapper.application; includeInIndex = 0; path = MetalGameEngine.app; sourceTree = BUILT_PRODUCTS_DIR; };
		CE1CCA292AADF0EC0020BCD4 /* MetalGameEngineApp.swift */ = {isa = PBXFileReference; lastKnownFileType = sourcecode.swift; path = MetalGameEngineApp.swift; sourceTree = "<group>"; };
		CE1CCA2B2AADF0EC0020BCD4 /* ContentView.swift */ = {isa = PBXFileReference; lastKnownFileType = sourcecode.swift; path = ContentView.swift; sourceTree = "<group>"; };
		CE1CCA2D2AADF0EE0020BCD4 /* Assets.xcassets */ = {isa = PBXFileReference; lastKnownFileType = folder.assetcatalog; path = Assets.xcassets; sourceTree = "<group>"; };
		CE1CCA2F2AADF0EE0020BCD4 /* MetalGameEngine.entitlements */ = {isa = PBXFileReference; lastKnownFileType = text.plist.entitlements; path = MetalGameEngine.entitlements; sourceTree = "<group>"; };
		CE1CCA312AADF0EE0020BCD4 /* Preview Assets.xcassets */ = {isa = PBXFileReference; lastKnownFileType = folder.assetcatalog; path = "Preview Assets.xcassets"; sourceTree = "<group>"; };
		CE1CCA392AADF3600020BCD4 /* MetalView.swift */ = {isa = PBXFileReference; lastKnownFileType = sourcecode.swift; path = MetalView.swift; sourceTree = "<group>"; };
		CE1CCA3B2AADF4640020BCD4 /* Options.swift */ = {isa = PBXFileReference; lastKnownFileType = sourcecode.swift; path = Options.swift; sourceTree = "<group>"; };
		CE1CCA3E2AADF6430020BCD4 /* GameController.swift */ = {isa = PBXFileReference; lastKnownFileType = sourcecode.swift; path = GameController.swift; sourceTree = "<group>"; };
		CE1CCA412AAE018E0020BCD4 /* InputController.swift */ = {isa = PBXFileReference; lastKnownFileType = sourcecode.swift; path = InputController.swift; sourceTree = "<group>"; };
		CE1CCA432AAE0AC40020BCD4 /* Settings.swift */ = {isa = PBXFileReference; lastKnownFileType = sourcecode.swift; path = Settings.swift; sourceTree = "<group>"; };
		CE1CCA492AAE12AF0020BCD4 /* RenderPass.swift */ = {isa = PBXFileReference; lastKnownFileType = sourcecode.swift; path = RenderPass.swift; sourceTree = "<group>"; };
		CE1CCA4B2AAE134E0020BCD4 /* GameScene.swift */ = {isa = PBXFileReference; lastKnownFileType = sourcecode.swift; path = GameScene.swift; sourceTree = "<group>"; };
		CE1CCA4E2AAE14170020BCD4 /* stdbool.h */ = {isa = PBXFileReference; lastKnownFileType = sourcecode.c.h; path = stdbool.h; sourceTree = "<group>"; };
		CE1CCA4F2AAE14600020BCD4 /* Common.h */ = {isa = PBXFileReference; lastKnownFileType = sourcecode.c.h; path = Common.h; sourceTree = "<group>"; };
		CE1CCA502AAE18C60020BCD4 /* Renderer.swift */ = {isa = PBXFileReference; lastKnownFileType = sourcecode.swift; path = Renderer.swift; sourceTree = "<group>"; };
		CE1CCA542AAE22540020BCD4 /* TextureController.swift */ = {isa = PBXFileReference; lastKnownFileType = sourcecode.swift; path = TextureController.swift; sourceTree = "<group>"; };
		CE3F07062AB158BB00318C26 /* ShadowCamera.swift */ = {isa = PBXFileReference; lastKnownFileType = sourcecode.swift; path = ShadowCamera.swift; sourceTree = "<group>"; };
		CE3F07082AB1F2CB00318C26 /* ForwardRenderPass.swift */ = {isa = PBXFileReference; lastKnownFileType = sourcecode.swift; path = ForwardRenderPass.swift; sourceTree = "<group>"; };
		CE3F070A2AB1F57100318C26 /* SceneLighting.swift */ = {isa = PBXFileReference; lastKnownFileType = sourcecode.swift; path = SceneLighting.swift; sourceTree = "<group>"; };
		CE3F070C2AB1F7B700318C26 /* Skybox.swift */ = {isa = PBXFileReference; lastKnownFileType = sourcecode.swift; path = Skybox.swift; sourceTree = "<group>"; };
		CE3F070F2AB1FC5300318C26 /* BRDF.metal */ = {isa = PBXFileReference; lastKnownFileType = sourcecode.metal; path = BRDF.metal; sourceTree = "<group>"; };
		CE3F07112AB1FC9400318C26 /* RendererBRDF.swift */ = {isa = PBXFileReference; lastKnownFileType = sourcecode.swift; path = RendererBRDF.swift; sourceTree = "<group>"; };
		CE3F07132AB2085C00318C26 /* Textures.xcassets */ = {isa = PBXFileReference; lastKnownFileType = folder.assetcatalog; path = Textures.xcassets; sourceTree = "<group>"; };
		CE3F07152AB2088800318C26 /* irradiance.png */ = {isa = PBXFileReference; lastKnownFileType = image.png; path = irradiance.png; sourceTree = "<group>"; };
		CE3F07172AB2097100318C26 /* Skybox.metal */ = {isa = PBXFileReference; lastKnownFileType = sourcecode.metal; path = Skybox.metal; sourceTree = "<group>"; };
		CE3F07192AB20BA400318C26 /* IBL.metal */ = {isa = PBXFileReference; lastKnownFileType = sourcecode.metal; path = IBL.metal; sourceTree = "<group>"; };
		CE3F071B2AB20BFC00318C26 /* Lighting.h */ = {isa = PBXFileReference; lastKnownFileType = sourcecode.c.h; path = Lighting.h; sourceTree = "<group>"; };
		CE3F071C2AB20D5E00318C26 /* Lighting.metal */ = {isa = PBXFileReference; lastKnownFileType = sourcecode.metal; path = Lighting.metal; sourceTree = "<group>"; };
		CE3F071E2AB211D600318C26 /* Vertex.h */ = {isa = PBXFileReference; lastKnownFileType = sourcecode.c.h; path = Vertex.h; sourceTree = "<group>"; };
		CE3F071F2AB2133800318C26 /* Shaders.metal */ = {isa = PBXFileReference; lastKnownFileType = sourcecode.metal; path = Shaders.metal; sourceTree = "<group>"; };
		CE720DB72AB3434F00904EBD /* Water.swift */ = {isa = PBXFileReference; lastKnownFileType = sourcecode.swift; path = Water.swift; sourceTree = "<group>"; };
		CE720DB92AB349E600904EBD /* Water.metal */ = {isa = PBXFileReference; lastKnownFileType = sourcecode.metal; path = Water.metal; sourceTree = "<group>"; };
		CE959A542AB0A43000BB40B8 /* Pipelines.swift */ = {isa = PBXFileReference; lastKnownFileType = sourcecode.swift; path = Pipelines.swift; sourceTree = "<group>"; };
		CE959A562AB0AFE300BB40B8 /* PlayerCamera.swift */ = {isa = PBXFileReference; lastKnownFileType = sourcecode.swift; path = PlayerCamera.swift; sourceTree = "<group>"; };
		CE959A582AB0B1EA00BB40B8 /* Model.swift */ = {isa = PBXFileReference; lastKnownFileType = sourcecode.swift; path = Model.swift; sourceTree = "<group>"; };
		CEC235E52AAE908C0016923C /* Submesh.swift */ = {isa = PBXFileReference; lastKnownFileType = sourcecode.swift; path = Submesh.swift; sourceTree = "<group>"; };
		CEC235E72AAEA3230016923C /* VertexDescriptor.swift */ = {isa = PBXFileReference; lastKnownFileType = sourcecode.swift; path = VertexDescriptor.swift; sourceTree = "<group>"; };
		CECC472A2AB2A4D3003942A0 /* terrain.obj */ = {isa = PBXFileReference; lastKnownFileType = text; path = terrain.obj; sourceTree = "<group>"; };
		CECC472B2AB2A4D3003942A0 /* terrain.mtl */ = {isa = PBXFileReference; lastKnownFileType = text; path = terrain.mtl; sourceTree = "<group>"; };
		CECC472C2AB2A4D3003942A0 /* license.rtf */ = {isa = PBXFileReference; lastKnownFileType = text.rtf; path = license.rtf; sourceTree = "<group>"; };
		CECC472E2AB2A4D3003942A0 /* house.obj */ = {isa = PBXFileReference; lastKnownFileType = text; path = house.obj; sourceTree = "<group>"; };
		CECC472F2AB2A4D3003942A0 /* house.mtl */ = {isa = PBXFileReference; lastKnownFileType = text; path = house.mtl; sourceTree = "<group>"; };
		CECC47302AB2A4D3003942A0 /* license.rtf */ = {isa = PBXFileReference; lastKnownFileType = text.rtf; path = license.rtf; sourceTree = "<group>"; };
		CECC47352AB2B10B003942A0 /* Terrain.swift */ = {isa = PBXFileReference; lastKnownFileType = sourcecode.swift; path = Terrain.swift; sourceTree = "<group>"; };
		CECC47372AB2B19B003942A0 /* Terrain.metal */ = {isa = PBXFileReference; lastKnownFileType = sourcecode.metal; path = Terrain.metal; sourceTree = "<group>"; };
/* End PBXFileReference section */

/* Begin PBXFrameworksBuildPhase section */
		CE1CCA232AADF0EC0020BCD4 /* Frameworks */ = {
			isa = PBXFrameworksBuildPhase;
			buildActionMask = 2147483647;
			files = (
			);
			runOnlyForDeploymentPostprocessing = 0;
		};
/* End PBXFrameworksBuildPhase section */

/* Begin PBXGroup section */
		CE1CCA1D2AADF0EC0020BCD4 = {
			isa = PBXGroup;
			children = (
				CE1CCA282AADF0EC0020BCD4 /* MetalGameEngine */,
				CE1CCA272AADF0EC0020BCD4 /* Products */,
			);
			sourceTree = "<group>";
		};
		CE1CCA272AADF0EC0020BCD4 /* Products */ = {
			isa = PBXGroup;
			children = (
				CE1CCA262AADF0EC0020BCD4 /* MetalGameEngine.app */,
			);
			name = Products;
			sourceTree = "<group>";
		};
		CE1CCA282AADF0EC0020BCD4 /* MetalGameEngine */ = {
			isa = PBXGroup;
			children = (
				CE1CCA532AAE22490020BCD4 /* Resources */,
				CE1CCA522AAE22340020BCD4 /* Textures */,
				CE1CCA4D2AAE13D60020BCD4 /* Shaders */,
				CE1CCA482AAE12950020BCD4 /* Render Passes */,
				CE1CCA462AAE12410020BCD4 /* Geometry */,
				CE1CCA452AAE11AE0020BCD4 /* Utility */,
				CE1CCA402AAE00F00020BCD4 /* Input */,
				CE1CCA3D2AADF6350020BCD4 /* Game */,
				CE1CCA382AADF33A0020BCD4 /* SwiftUI Views */,
				CE1CCA292AADF0EC0020BCD4 /* MetalGameEngineApp.swift */,
				CE1CCA2D2AADF0EE0020BCD4 /* Assets.xcassets */,
				CE1CCA2F2AADF0EE0020BCD4 /* MetalGameEngine.entitlements */,
				CE1CCA302AADF0EE0020BCD4 /* Preview Content */,
			);
			path = MetalGameEngine;
			sourceTree = "<group>";
		};
		CE1CCA302AADF0EE0020BCD4 /* Preview Content */ = {
			isa = PBXGroup;
			children = (
				CE1CCA312AADF0EE0020BCD4 /* Preview Assets.xcassets */,
			);
			path = "Preview Content";
			sourceTree = "<group>";
		};
		CE1CCA382AADF33A0020BCD4 /* SwiftUI Views */ = {
			isa = PBXGroup;
			children = (
				CE1CCA2B2AADF0EC0020BCD4 /* ContentView.swift */,
				CE1CCA392AADF3600020BCD4 /* MetalView.swift */,
				CE1CCA3B2AADF4640020BCD4 /* Options.swift */,
			);
			path = "SwiftUI Views";
			sourceTree = "<group>";
		};
		CE1CCA3D2AADF6350020BCD4 /* Game */ = {
			isa = PBXGroup;
			children = (
				CE1CCA472AAE127C0020BCD4 /* Camera */,
				CE1CCA3E2AADF6430020BCD4 /* GameController.swift */,
				CE1CCA4B2AAE134E0020BCD4 /* GameScene.swift */,
				CE1CCA502AAE18C60020BCD4 /* Renderer.swift */,
				CE3F07062AB158BB00318C26 /* ShadowCamera.swift */,
				CE3F070A2AB1F57100318C26 /* SceneLighting.swift */,
			);
			path = Game;
			sourceTree = "<group>";
		};
		CE1CCA402AAE00F00020BCD4 /* Input */ = {
			isa = PBXGroup;
			children = (
				CE1CCA412AAE018E0020BCD4 /* InputController.swift */,
				CE1CCA432AAE0AC40020BCD4 /* Settings.swift */,
				CE0E126C2AAF585C00FFBDD2 /* Movement.swift */,
			);
			path = Input;
			sourceTree = "<group>";
		};
		CE1CCA452AAE11AE0020BCD4 /* Utility */ = {
			isa = PBXGroup;
			children = (
				CE3F070E2AB1FC0E00318C26 /* BRDF */,
				CE0E12642AAF3A9C00FFBDD2 /* MathUtility.swift */,
			);
			path = Utility;
			sourceTree = "<group>";
		};
		CE1CCA462AAE12410020BCD4 /* Geometry */ = {
			isa = PBXGroup;
			children = (
				CEC235E52AAE908C0016923C /* Submesh.swift */,
				CEC235E72AAEA3230016923C /* VertexDescriptor.swift */,
				CE0E12662AAF4CC300FFBDD2 /* Mesh.swift */,
				CE0E12682AAF535400FFBDD2 /* Transform.swift */,
				CE959A582AB0B1EA00BB40B8 /* Model.swift */,
				CECC47352AB2B10B003942A0 /* Terrain.swift */,
				CE720DB72AB3434F00904EBD /* Water.swift */,
			);
			path = Geometry;
			sourceTree = "<group>";
		};
		CE1CCA472AAE127C0020BCD4 /* Camera */ = {
			isa = PBXGroup;
			children = (
				CE0E126A2AAF56D000FFBDD2 /* Camera.swift */,
				CE0E126E2AAF5B7000FFBDD2 /* FPCamera.swift */,
				CE0E12702AAF5B8D00FFBDD2 /* ArcballCamera.swift */,
				CE0E12722AAF65AB00FFBDD2 /* OrthographicCamera.swift */,
				CE959A562AB0AFE300BB40B8 /* PlayerCamera.swift */,
			);
			path = Camera;
			sourceTree = "<group>";
		};
		CE1CCA482AAE12950020BCD4 /* Render Passes */ = {
			isa = PBXGroup;
			children = (
				CE1CCA492AAE12AF0020BCD4 /* RenderPass.swift */,
				CE959A542AB0A43000BB40B8 /* Pipelines.swift */,
				CE3F07082AB1F2CB00318C26 /* ForwardRenderPass.swift */,
				CE3F070C2AB1F7B700318C26 /* Skybox.swift */,
			);
			path = "Render Passes";
			sourceTree = "<group>";
		};
		CE1CCA4D2AAE13D60020BCD4 /* Shaders */ = {
			isa = PBXGroup;
			children = (
				CE1CCA4E2AAE14170020BCD4 /* stdbool.h */,
				CE1CCA4F2AAE14600020BCD4 /* Common.h */,
				CE3F07172AB2097100318C26 /* Skybox.metal */,
				CE3F07192AB20BA400318C26 /* IBL.metal */,
				CE3F071B2AB20BFC00318C26 /* Lighting.h */,
				CE3F071C2AB20D5E00318C26 /* Lighting.metal */,
				CE3F071E2AB211D600318C26 /* Vertex.h */,
				CE3F071F2AB2133800318C26 /* Shaders.metal */,
				CECC47372AB2B19B003942A0 /* Terrain.metal */,
				CE720DB92AB349E600904EBD /* Water.metal */,
			);
			path = Shaders;
			sourceTree = "<group>";
		};
		CE1CCA522AAE22340020BCD4 /* Textures */ = {
			isa = PBXGroup;
			children = (
				CE1CCA542AAE22540020BCD4 /* TextureController.swift */,
			);
			path = Textures;
			sourceTree = "<group>";
		};
		CE1CCA532AAE22490020BCD4 /* Resources */ = {
			isa = PBXGroup;
			children = (
				CECC47282AB2A4D3003942A0 /* Models */,
				CE3F07152AB2088800318C26 /* irradiance.png */,
				CE3F07132AB2085C00318C26 /* Textures.xcassets */,
			);
			path = Resources;
			sourceTree = "<group>";
		};
		CE3F070E2AB1FC0E00318C26 /* BRDF */ = {
			isa = PBXGroup;
			children = (
				CE3F070F2AB1FC5300318C26 /* BRDF.metal */,
				CE3F07112AB1FC9400318C26 /* RendererBRDF.swift */,
			);
			path = BRDF;
			sourceTree = "<group>";
		};
		CECC47282AB2A4D3003942A0 /* Models */ = {
			isa = PBXGroup;
			children = (
				CECC47292AB2A4D3003942A0 /* Terrain */,
				CECC472D2AB2A4D3003942A0 /* House */,
			);
			path = Models;
			sourceTree = "<group>";
		};
		CECC47292AB2A4D3003942A0 /* Terrain */ = {
			isa = PBXGroup;
			children = (
				CECC472A2AB2A4D3003942A0 /* terrain.obj */,
				CECC472B2AB2A4D3003942A0 /* terrain.mtl */,
				CECC472C2AB2A4D3003942A0 /* license.rtf */,
			);
			path = Terrain;
			sourceTree = "<group>";
		};
		CECC472D2AB2A4D3003942A0 /* House */ = {
			isa = PBXGroup;
			children = (
				CECC472E2AB2A4D3003942A0 /* house.obj */,
				CECC472F2AB2A4D3003942A0 /* house.mtl */,
				CECC47302AB2A4D3003942A0 /* license.rtf */,
			);
			path = House;
			sourceTree = "<group>";
		};
/* End PBXGroup section */

/* Begin PBXNativeTarget section */
		CE1CCA252AADF0EC0020BCD4 /* MetalGameEngine */ = {
			isa = PBXNativeTarget;
			buildConfigurationList = CE1CCA352AADF0EE0020BCD4 /* Build configuration list for PBXNativeTarget "MetalGameEngine" */;
			buildPhases = (
				CE1CCA222AADF0EC0020BCD4 /* Sources */,
				CE1CCA232AADF0EC0020BCD4 /* Frameworks */,
				CE1CCA242AADF0EC0020BCD4 /* Resources */,
			);
			buildRules = (
			);
			dependencies = (
			);
			name = MetalGameEngine;
			productName = MetalGameEngine;
			productReference = CE1CCA262AADF0EC0020BCD4 /* MetalGameEngine.app */;
			productType = "com.apple.product-type.application";
		};
/* End PBXNativeTarget section */

/* Begin PBXProject section */
		CE1CCA1E2AADF0EC0020BCD4 /* Project object */ = {
			isa = PBXProject;
			attributes = {
				BuildIndependentTargetsInParallel = 1;
				LastSwiftUpdateCheck = 1430;
				LastUpgradeCheck = 1430;
				TargetAttributes = {
					CE1CCA252AADF0EC0020BCD4 = {
						CreatedOnToolsVersion = 14.3.1;
					};
				};
			};
			buildConfigurationList = CE1CCA212AADF0EC0020BCD4 /* Build configuration list for PBXProject "MetalGameEngine" */;
			compatibilityVersion = "Xcode 14.0";
			developmentRegion = en;
			hasScannedForEncodings = 0;
			knownRegions = (
				en,
				Base,
			);
			mainGroup = CE1CCA1D2AADF0EC0020BCD4;
			productRefGroup = CE1CCA272AADF0EC0020BCD4 /* Products */;
			projectDirPath = "";
			projectRoot = "";
			targets = (
				CE1CCA252AADF0EC0020BCD4 /* MetalGameEngine */,
			);
		};
/* End PBXProject section */

/* Begin PBXResourcesBuildPhase section */
		CE1CCA242AADF0EC0020BCD4 /* Resources */ = {
			isa = PBXResourcesBuildPhase;
			buildActionMask = 2147483647;
			files = (
				CECC47342AB2A4F4003942A0 /* house.mtl in Resources */,
				CE3F07142AB2085C00318C26 /* Textures.xcassets in Resources */,
				CECC47312AB2A4DC003942A0 /* terrain.obj in Resources */,
				CE1CCA322AADF0EE0020BCD4 /* Preview Assets.xcassets in Resources */,
				CE1CCA2E2AADF0EE0020BCD4 /* Assets.xcassets in Resources */,
				CE3F07162AB2089000318C26 /* irradiance.png in Resources */,
				CECC47332AB2A4F0003942A0 /* house.obj in Resources */,
				CECC47322AB2A4DF003942A0 /* terrain.mtl in Resources */,
			);
			runOnlyForDeploymentPostprocessing = 0;
		};
/* End PBXResourcesBuildPhase section */

/* Begin PBXSourcesBuildPhase section */
		CE1CCA222AADF0EC0020BCD4 /* Sources */ = {
			isa = PBXSourcesBuildPhase;
			buildActionMask = 2147483647;
			files = (
				CE1CCA422AAE018E0020BCD4 /* InputController.swift in Sources */,
				CE3F071A2AB20BA400318C26 /* IBL.metal in Sources */,
				CE1CCA3C2AADF4640020BCD4 /* Options.swift in Sources */,
				CE3F07092AB1F2CB00318C26 /* ForwardRenderPass.swift in Sources */,
				CE3F07202AB2133800318C26 /* Shaders.metal in Sources */,
				CE0E126F2AAF5B7000FFBDD2 /* FPCamera.swift in Sources */,
				CE0E126D2AAF585C00FFBDD2 /* Movement.swift in Sources */,
				CE3F07182AB2097100318C26 /* Skybox.metal in Sources */,
				CE0E126B2AAF56D000FFBDD2 /* Camera.swift in Sources */,
				CE1CCA552AAE22540020BCD4 /* TextureController.swift in Sources */,
				CE3F071D2AB20D5E00318C26 /* Lighting.metal in Sources */,
				CE1CCA4A2AAE12AF0020BCD4 /* RenderPass.swift in Sources */,
				CEC235E82AAEA3230016923C /* VertexDescriptor.swift in Sources */,
				CE3F07072AB158BB00318C26 /* ShadowCamera.swift in Sources */,
				CE1CCA4C2AAE134E0020BCD4 /* GameScene.swift in Sources */,
				CE3F070D2AB1F7B700318C26 /* Skybox.swift in Sources */,
				CE3F07102AB1FC5300318C26 /* BRDF.metal in Sources */,
				CE0E12692AAF535400FFBDD2 /* Transform.swift in Sources */,
				CE0E12652AAF3A9C00FFBDD2 /* MathUtility.swift in Sources */,
				CECC47382AB2B19B003942A0 /* Terrain.metal in Sources */,
				CE3F070B2AB1F57100318C26 /* SceneLighting.swift in Sources */,
				CE959A552AB0A43000BB40B8 /* Pipelines.swift in Sources */,
				CE720DB82AB3434F00904EBD /* Water.swift in Sources */,
				CE1CCA3F2AADF6430020BCD4 /* GameController.swift in Sources */,
				CECC47362AB2B10B003942A0 /* Terrain.swift in Sources */,
				CE1CCA3A2AADF3600020BCD4 /* MetalView.swift in Sources */,
				CE959A572AB0AFE300BB40B8 /* PlayerCamera.swift in Sources */,
				CE959A592AB0B1EA00BB40B8 /* Model.swift in Sources */,
				CE0E12672AAF4CC300FFBDD2 /* Mesh.swift in Sources */,
				CEC235E62AAE908C0016923C /* Submesh.swift in Sources */,
				CE1CCA442AAE0AC40020BCD4 /* Settings.swift in Sources */,
				CE0E12732AAF65AB00FFBDD2 /* OrthographicCamera.swift in Sources */,
				CE0E12712AAF5B8D00FFBDD2 /* ArcballCamera.swift in Sources */,
				CE1CCA2C2AADF0EC0020BCD4 /* ContentView.swift in Sources */,
				CE1CCA512AAE18C60020BCD4 /* Renderer.swift in Sources */,
				CE720DBA2AB349E600904EBD /* Water.metal in Sources */,
				CE3F07122AB1FC9400318C26 /* RendererBRDF.swift in Sources */,
				CE1CCA2A2AADF0EC0020BCD4 /* MetalGameEngineApp.swift in Sources */,
			);
			runOnlyForDeploymentPostprocessing = 0;
		};
/* End PBXSourcesBuildPhase section */

/* Begin XCBuildConfiguration section */
		CE1CCA332AADF0EE0020BCD4 /* Debug */ = {
			isa = XCBuildConfiguration;
			buildSettings = {
				ALWAYS_SEARCH_USER_PATHS = NO;
				CLANG_ANALYZER_NONNULL = YES;
				CLANG_ANALYZER_NUMBER_OBJECT_CONVERSION = YES_AGGRESSIVE;
				CLANG_CXX_LANGUAGE_STANDARD = "gnu++20";
				CLANG_ENABLE_MODULES = YES;
				CLANG_ENABLE_OBJC_ARC = YES;
				CLANG_ENABLE_OBJC_WEAK = YES;
				CLANG_WARN_BLOCK_CAPTURE_AUTORELEASING = YES;
				CLANG_WARN_BOOL_CONVERSION = YES;
				CLANG_WARN_COMMA = YES;
				CLANG_WARN_CONSTANT_CONVERSION = YES;
				CLANG_WARN_DEPRECATED_OBJC_IMPLEMENTATIONS = YES;
				CLANG_WARN_DIRECT_OBJC_ISA_USAGE = YES_ERROR;
				CLANG_WARN_DOCUMENTATION_COMMENTS = YES;
				CLANG_WARN_EMPTY_BODY = YES;
				CLANG_WARN_ENUM_CONVERSION = YES;
				CLANG_WARN_INFINITE_RECURSION = YES;
				CLANG_WARN_INT_CONVERSION = YES;
				CLANG_WARN_NON_LITERAL_NULL_CONVERSION = YES;
				CLANG_WARN_OBJC_IMPLICIT_RETAIN_SELF = YES;
				CLANG_WARN_OBJC_LITERAL_CONVERSION = YES;
				CLANG_WARN_OBJC_ROOT_CLASS = YES_ERROR;
				CLANG_WARN_QUOTED_INCLUDE_IN_FRAMEWORK_HEADER = YES;
				CLANG_WARN_RANGE_LOOP_ANALYSIS = YES;
				CLANG_WARN_STRICT_PROTOTYPES = YES;
				CLANG_WARN_SUSPICIOUS_MOVE = YES;
				CLANG_WARN_UNGUARDED_AVAILABILITY = YES_AGGRESSIVE;
				CLANG_WARN_UNREACHABLE_CODE = YES;
				CLANG_WARN__DUPLICATE_METHOD_MATCH = YES;
				COPY_PHASE_STRIP = NO;
				DEBUG_INFORMATION_FORMAT = dwarf;
				ENABLE_STRICT_OBJC_MSGSEND = YES;
				ENABLE_TESTABILITY = YES;
				GCC_C_LANGUAGE_STANDARD = gnu11;
				GCC_DYNAMIC_NO_PIC = NO;
				GCC_NO_COMMON_BLOCKS = YES;
				GCC_OPTIMIZATION_LEVEL = 0;
				GCC_PREPROCESSOR_DEFINITIONS = (
					"DEBUG=1",
					"$(inherited)",
				);
				GCC_WARN_64_TO_32_BIT_CONVERSION = YES;
				GCC_WARN_ABOUT_RETURN_TYPE = YES_ERROR;
				GCC_WARN_UNDECLARED_SELECTOR = YES;
				GCC_WARN_UNINITIALIZED_AUTOS = YES_AGGRESSIVE;
				GCC_WARN_UNUSED_FUNCTION = YES;
				GCC_WARN_UNUSED_VARIABLE = YES;
				MTL_ENABLE_DEBUG_INFO = INCLUDE_SOURCE;
				MTL_FAST_MATH = YES;
				ONLY_ACTIVE_ARCH = YES;
				SWIFT_ACTIVE_COMPILATION_CONDITIONS = DEBUG;
				SWIFT_OBJC_BRIDGING_HEADER = MetalGameEngine/Shaders/Common.h;
				SWIFT_OPTIMIZATION_LEVEL = "-Onone";
			};
			name = Debug;
		};
		CE1CCA342AADF0EE0020BCD4 /* Release */ = {
			isa = XCBuildConfiguration;
			buildSettings = {
				ALWAYS_SEARCH_USER_PATHS = NO;
				CLANG_ANALYZER_NONNULL = YES;
				CLANG_ANALYZER_NUMBER_OBJECT_CONVERSION = YES_AGGRESSIVE;
				CLANG_CXX_LANGUAGE_STANDARD = "gnu++20";
				CLANG_ENABLE_MODULES = YES;
				CLANG_ENABLE_OBJC_ARC = YES;
				CLANG_ENABLE_OBJC_WEAK = YES;
				CLANG_WARN_BLOCK_CAPTURE_AUTORELEASING = YES;
				CLANG_WARN_BOOL_CONVERSION = YES;
				CLANG_WARN_COMMA = YES;
				CLANG_WARN_CONSTANT_CONVERSION = YES;
				CLANG_WARN_DEPRECATED_OBJC_IMPLEMENTATIONS = YES;
				CLANG_WARN_DIRECT_OBJC_ISA_USAGE = YES_ERROR;
				CLANG_WARN_DOCUMENTATION_COMMENTS = YES;
				CLANG_WARN_EMPTY_BODY = YES;
				CLANG_WARN_ENUM_CONVERSION = YES;
				CLANG_WARN_INFINITE_RECURSION = YES;
				CLANG_WARN_INT_CONVERSION = YES;
				CLANG_WARN_NON_LITERAL_NULL_CONVERSION = YES;
				CLANG_WARN_OBJC_IMPLICIT_RETAIN_SELF = YES;
				CLANG_WARN_OBJC_LITERAL_CONVERSION = YES;
				CLANG_WARN_OBJC_ROOT_CLASS = YES_ERROR;
				CLANG_WARN_QUOTED_INCLUDE_IN_FRAMEWORK_HEADER = YES;
				CLANG_WARN_RANGE_LOOP_ANALYSIS = YES;
				CLANG_WARN_STRICT_PROTOTYPES = YES;
				CLANG_WARN_SUSPICIOUS_MOVE = YES;
				CLANG_WARN_UNGUARDED_AVAILABILITY = YES_AGGRESSIVE;
				CLANG_WARN_UNREACHABLE_CODE = YES;
				CLANG_WARN__DUPLICATE_METHOD_MATCH = YES;
				COPY_PHASE_STRIP = NO;
				DEBUG_INFORMATION_FORMAT = "dwarf-with-dsym";
				ENABLE_NS_ASSERTIONS = NO;
				ENABLE_STRICT_OBJC_MSGSEND = YES;
				GCC_C_LANGUAGE_STANDARD = gnu11;
				GCC_NO_COMMON_BLOCKS = YES;
				GCC_WARN_64_TO_32_BIT_CONVERSION = YES;
				GCC_WARN_ABOUT_RETURN_TYPE = YES_ERROR;
				GCC_WARN_UNDECLARED_SELECTOR = YES;
				GCC_WARN_UNINITIALIZED_AUTOS = YES_AGGRESSIVE;
				GCC_WARN_UNUSED_FUNCTION = YES;
				GCC_WARN_UNUSED_VARIABLE = YES;
				MTL_ENABLE_DEBUG_INFO = NO;
				MTL_FAST_MATH = YES;
				SWIFT_COMPILATION_MODE = wholemodule;
				SWIFT_OBJC_BRIDGING_HEADER = MetalGameEngine/Shaders/Common.h;
				SWIFT_OPTIMIZATION_LEVEL = "-O";
			};
			name = Release;
		};
		CE1CCA362AADF0EE0020BCD4 /* Debug */ = {
			isa = XCBuildConfiguration;
			buildSettings = {
				ASSETCATALOG_COMPILER_APPICON_NAME = AppIcon;
				ASSETCATALOG_COMPILER_GLOBAL_ACCENT_COLOR_NAME = AccentColor;
				CODE_SIGN_ENTITLEMENTS = MetalGameEngine/MetalGameEngine.entitlements;
				CODE_SIGN_STYLE = Automatic;
				CURRENT_PROJECT_VERSION = 1;
				DEVELOPMENT_ASSET_PATHS = "\"MetalGameEngine/Preview Content\"";
				DEVELOPMENT_TEAM = 2J29PLXKNW;
				ENABLE_HARDENED_RUNTIME = YES;
				ENABLE_PREVIEWS = YES;
				GENERATE_INFOPLIST_FILE = YES;
				"INFOPLIST_KEY_UIApplicationSceneManifest_Generation[sdk=iphoneos*]" = YES;
				"INFOPLIST_KEY_UIApplicationSceneManifest_Generation[sdk=iphonesimulator*]" = YES;
				"INFOPLIST_KEY_UIApplicationSupportsIndirectInputEvents[sdk=iphoneos*]" = YES;
				"INFOPLIST_KEY_UIApplicationSupportsIndirectInputEvents[sdk=iphonesimulator*]" = YES;
				"INFOPLIST_KEY_UILaunchScreen_Generation[sdk=iphoneos*]" = YES;
				"INFOPLIST_KEY_UILaunchScreen_Generation[sdk=iphonesimulator*]" = YES;
				"INFOPLIST_KEY_UIStatusBarStyle[sdk=iphoneos*]" = UIStatusBarStyleDefault;
				"INFOPLIST_KEY_UIStatusBarStyle[sdk=iphonesimulator*]" = UIStatusBarStyleDefault;
				INFOPLIST_KEY_UISupportedInterfaceOrientations_iPad = "UIInterfaceOrientationPortrait UIInterfaceOrientationPortraitUpsideDown UIInterfaceOrientationLandscapeLeft UIInterfaceOrientationLandscapeRight";
				INFOPLIST_KEY_UISupportedInterfaceOrientations_iPhone = "UIInterfaceOrientationPortrait UIInterfaceOrientationLandscapeLeft UIInterfaceOrientationLandscapeRight";
				IPHONEOS_DEPLOYMENT_TARGET = 16.0;
				LD_RUNPATH_SEARCH_PATHS = "@executable_path/Frameworks";
				"LD_RUNPATH_SEARCH_PATHS[sdk=macosx*]" = "@executable_path/../Frameworks";
				MACOSX_DEPLOYMENT_TARGET = 13.3;
				MARKETING_VERSION = 1.0;
				PRODUCT_BUNDLE_IDENTIFIER = net.promisecode.MetalGameEngine;
				PRODUCT_NAME = "$(TARGET_NAME)";
				SDKROOT = auto;
				SUPPORTED_PLATFORMS = "iphoneos iphonesimulator macosx";
				SWIFT_EMIT_LOC_STRINGS = YES;
				SWIFT_VERSION = 5.0;
				TARGETED_DEVICE_FAMILY = "1,2";
			};
			name = Debug;
		};
		CE1CCA372AADF0EE0020BCD4 /* Release */ = {
			isa = XCBuildConfiguration;
			buildSettings = {
				ASSETCATALOG_COMPILER_APPICON_NAME = AppIcon;
				ASSETCATALOG_COMPILER_GLOBAL_ACCENT_COLOR_NAME = AccentColor;
				CODE_SIGN_ENTITLEMENTS = MetalGameEngine/MetalGameEngine.entitlements;
				CODE_SIGN_STYLE = Automatic;
				CURRENT_PROJECT_VERSION = 1;
				DEVELOPMENT_ASSET_PATHS = "\"MetalGameEngine/Preview Content\"";
				DEVELOPMENT_TEAM = 2J29PLXKNW;
				ENABLE_HARDENED_RUNTIME = YES;
				ENABLE_PREVIEWS = YES;
				GENERATE_INFOPLIST_FILE = YES;
				"INFOPLIST_KEY_UIApplicationSceneManifest_Generation[sdk=iphoneos*]" = YES;
				"INFOPLIST_KEY_UIApplicationSceneManifest_Generation[sdk=iphonesimulator*]" = YES;
				"INFOPLIST_KEY_UIApplicationSupportsIndirectInputEvents[sdk=iphoneos*]" = YES;
				"INFOPLIST_KEY_UIApplicationSupportsIndirectInputEvents[sdk=iphonesimulator*]" = YES;
				"INFOPLIST_KEY_UILaunchScreen_Generation[sdk=iphoneos*]" = YES;
				"INFOPLIST_KEY_UILaunchScreen_Generation[sdk=iphonesimulator*]" = YES;
				"INFOPLIST_KEY_UIStatusBarStyle[sdk=iphoneos*]" = UIStatusBarStyleDefault;
				"INFOPLIST_KEY_UIStatusBarStyle[sdk=iphonesimulator*]" = UIStatusBarStyleDefault;
				INFOPLIST_KEY_UISupportedInterfaceOrientations_iPad = "UIInterfaceOrientationPortrait UIInterfaceOrientationPortraitUpsideDown UIInterfaceOrientationLandscapeLeft UIInterfaceOrientationLandscapeRight";
				INFOPLIST_KEY_UISupportedInterfaceOrientations_iPhone = "UIInterfaceOrientationPortrait UIInterfaceOrientationLandscapeLeft UIInterfaceOrientationLandscapeRight";
				IPHONEOS_DEPLOYMENT_TARGET = 16.0;
				LD_RUNPATH_SEARCH_PATHS = "@executable_path/Frameworks";
				"LD_RUNPATH_SEARCH_PATHS[sdk=macosx*]" = "@executable_path/../Frameworks";
				MACOSX_DEPLOYMENT_TARGET = 13.3;
				MARKETING_VERSION = 1.0;
				PRODUCT_BUNDLE_IDENTIFIER = net.promisecode.MetalGameEngine;
				PRODUCT_NAME = "$(TARGET_NAME)";
				SDKROOT = auto;
				SUPPORTED_PLATFORMS = "iphoneos iphonesimulator macosx";
				SWIFT_EMIT_LOC_STRINGS = YES;
				SWIFT_VERSION = 5.0;
				TARGETED_DEVICE_FAMILY = "1,2";
			};
			name = Release;
		};
/* End XCBuildConfiguration section */

/* Begin XCConfigurationList section */
		CE1CCA212AADF0EC0020BCD4 /* Build configuration list for PBXProject "MetalGameEngine" */ = {
			isa = XCConfigurationList;
			buildConfigurations = (
				CE1CCA332AADF0EE0020BCD4 /* Debug */,
				CE1CCA342AADF0EE0020BCD4 /* Release */,
			);
			defaultConfigurationIsVisible = 0;
			defaultConfigurationName = Release;
		};
		CE1CCA352AADF0EE0020BCD4 /* Build configuration list for PBXNativeTarget "MetalGameEngine" */ = {
			isa = XCConfigurationList;
			buildConfigurations = (
				CE1CCA362AADF0EE0020BCD4 /* Debug */,
				CE1CCA372AADF0EE0020BCD4 /* Release */,
			);
			defaultConfigurationIsVisible = 0;
			defaultConfigurationName = Release;
		};
/* End XCConfigurationList section */
	};
	rootObject = CE1CCA1E2AADF0EC0020BCD4 /* Project object */;
}
